
Microsoft Visual Studio Solution File, Format Version 12.00
# Visual Studio 15
VisualStudioVersion = 15.0.28307.489
MinimumVisualStudioVersion = 10.0.40219.1
Project("{FAE04EC0-301F-11D3-BF4B-00C04F79EFBC}") = "WindowsFormsApp15", "WindowsFormsApp15.csproj", "{B8B4457F-50E3-4615-AF08-D5A57CD2345D}"
EndProject
Global
	GlobalSection(SolutionConfigurationPlatforms) = preSolution
		Debug|Any CPU = Debug|Any CPU
		Release|Any CPU = Release|Any CPU
	EndGlobalSection
	GlobalSection(ProjectConfigurationPlatforms) = postSolution
		{B8B4457F-50E3-4615-AF08-D5A57CD2345D}.Debug|Any CPU.ActiveCfg = Debug|Any CPU
		{B8B4457F-50E3-4615-AF08-D5A57CD2345D}.Debug|Any CPU.Build.0 = Debug|Any CPU
		{B8B4457F-50E3-4615-AF08-D5A57CD2345D}.Release|Any CPU.ActiveCfg = Release|Any CPU
		{B8B4457F-50E3-4615-AF08-D5A57CD2345D}.Release|Any CPU.Build.0 = Release|Any CPU
	EndGlobalSection
	GlobalSection(SolutionProperties) = preSolution
		HideSolutionNode = FALSE
	EndGlobalSection
	GlobalSection(ExtensibilityGlobals) = postSolution
		SolutionGuid = {C6F36C50-A4A6-4983-834B-8A6EE268A183}
	EndGlobalSection
EndGlobal
